
Microsoft Visual Studio Solution File, Format Version 12.00
# Visual Studio Version 16
VisualStudioVersion = 16.0.31424.327
MinimumVisualStudioVersion = 10.0.40219.1
Project("{9A19103F-16F7-4668-BE54-9A1E7A4F7556}") = "Practica1", "Practica1\Practica1.csproj", "{6927B2A1-1BC2-4FC8-A038-B49FB5D2582C}"
EndProject
Project("{9A19103F-16F7-4668-BE54-9A1E7A4F7556}") = "Practica2", "Practica2\Practica2.csproj", "{D97A7AED-3969-49E8-8E72-3E333C3BB01D}"
EndProject
Project("{9A19103F-16F7-4668-BE54-9A1E7A4F7556}") = "Practica3", "Practica3\Practica3.csproj", "{D3A70D59-EF08-41D4-8B2A-8BA2BC33414A}"
EndProject
Project("{9A19103F-16F7-4668-BE54-9A1E7A4F7556}") = "Practica4", "Programa4\Practica4.csproj", "{C899E345-13B2-474B-821C-7AF6B483B1F8}"
EndProject
Project("{9A19103F-16F7-4668-BE54-9A1E7A4F7556}") = "Practica5", "Practica5\Practica5.csproj", "{3991C4F7-3397-4C06-9380-D5C41FC5A92A}"
EndProject
Project("{9A19103F-16F7-4668-BE54-9A1E7A4F7556}") = "Practica6_Version2", "Practica6_Version2\Practica6_Version2.csproj", "{5CF54E6C-8496-488C-990E-FED0C12DE43F}"
EndProject
Project("{9A19103F-16F7-4668-BE54-9A1E7A4F7556}") = "Practica7_Version2", "Practica7_Version2\Practica7_Version2.csproj", "{B3E8D0C8-BDE5-4E43-8192-B93C3F5C693C}"
EndProject
Project("{9A19103F-16F7-4668-BE54-9A1E7A4F7556}") = "Practica8_Version2", "Practica8_Version2\Practica8_Version2.csproj", "{F0E17C66-797F-4FAE-83B0-D8E421CF9F23}"
EndProject
Project("{9A19103F-16F7-4668-BE54-9A1E7A4F7556}") = "Practica9_Examen1", "Practica9_Examen\Practica9_Examen1.csproj", "{852E5930-A439-416E-84F7-7871962D808D}"
EndProject
Project("{9A19103F-16F7-4668-BE54-9A1E7A4F7556}") = "Practica10_Version2", "Practica10_Version2\Practica10_Version2.csproj", "{34E91FA5-C05B-43CE-8506-299B041303B3}"
EndProject
Project("{FAE04EC0-301F-11D3-BF4B-00C04F79EFBC}") = "Practica11_Version3", "Practica11_Version2\Practica11_Version3.csproj", "{819635DD-07DC-4358-A052-7366A59F8781}"
EndProject
Global
	GlobalSection(SolutionConfigurationPlatforms) = preSolution
		Debug|Any CPU = Debug|Any CPU
		Release|Any CPU = Release|Any CPU
	EndGlobalSection
	GlobalSection(ProjectConfigurationPlatforms) = postSolution
		{6927B2A1-1BC2-4FC8-A038-B49FB5D2582C}.Debug|Any CPU.ActiveCfg = Debug|Any CPU
		{6927B2A1-1BC2-4FC8-A038-B49FB5D2582C}.Debug|Any CPU.Build.0 = Debug|Any CPU
		{6927B2A1-1BC2-4FC8-A038-B49FB5D2582C}.Release|Any CPU.ActiveCfg = Release|Any CPU
		{6927B2A1-1BC2-4FC8-A038-B49FB5D2582C}.Release|Any CPU.Build.0 = Release|Any CPU
		{D97A7AED-3969-49E8-8E72-3E333C3BB01D}.Debug|Any CPU.ActiveCfg = Debug|Any CPU
		{D97A7AED-3969-49E8-8E72-3E333C3BB01D}.Debug|Any CPU.Build.0 = Debug|Any CPU
		{D97A7AED-3969-49E8-8E72-3E333C3BB01D}.Release|Any CPU.ActiveCfg = Release|Any CPU
		{D97A7AED-3969-49E8-8E72-3E333C3BB01D}.Release|Any CPU.Build.0 = Release|Any CPU
		{D3A70D59-EF08-41D4-8B2A-8BA2BC33414A}.Debug|Any CPU.ActiveCfg = Debug|Any CPU
		{D3A70D59-EF08-41D4-8B2A-8BA2BC33414A}.Debug|Any CPU.Build.0 = Debug|Any CPU
		{D3A70D59-EF08-41D4-8B2A-8BA2BC33414A}.Release|Any CPU.ActiveCfg = Release|Any CPU
		{D3A70D59-EF08-41D4-8B2A-8BA2BC33414A}.Release|Any CPU.Build.0 = Release|Any CPU
		{C899E345-13B2-474B-821C-7AF6B483B1F8}.Debug|Any CPU.ActiveCfg = Debug|Any CPU
		{C899E345-13B2-474B-821C-7AF6B483B1F8}.Debug|Any CPU.Build.0 = Debug|Any CPU
		{C899E345-13B2-474B-821C-7AF6B483B1F8}.Release|Any CPU.ActiveCfg = Release|Any CPU
		{C899E345-13B2-474B-821C-7AF6B483B1F8}.Release|Any CPU.Build.0 = Release|Any CPU
		{3991C4F7-3397-4C06-9380-D5C41FC5A92A}.Debug|Any CPU.ActiveCfg = Debug|Any CPU
		{3991C4F7-3397-4C06-9380-D5C41FC5A92A}.Debug|Any CPU.Build.0 = Debug|Any CPU
		{3991C4F7-3397-4C06-9380-D5C41FC5A92A}.Release|Any CPU.ActiveCfg = Release|Any CPU
		{3991C4F7-3397-4C06-9380-D5C41FC5A92A}.Release|Any CPU.Build.0 = Release|Any CPU
		{5CF54E6C-8496-488C-990E-FED0C12DE43F}.Debug|Any CPU.ActiveCfg = Debug|Any CPU
		{5CF54E6C-8496-488C-990E-FED0C12DE43F}.Debug|Any CPU.Build.0 = Debug|Any CPU
		{5CF54E6C-8496-488C-990E-FED0C12DE43F}.Release|Any CPU.ActiveCfg = Release|Any CPU
		{5CF54E6C-8496-488C-990E-FED0C12DE43F}.Release|Any CPU.Build.0 = Release|Any CPU
		{B3E8D0C8-BDE5-4E43-8192-B93C3F5C693C}.Debug|Any CPU.ActiveCfg = Debug|Any CPU
		{B3E8D0C8-BDE5-4E43-8192-B93C3F5C693C}.Debug|Any CPU.Build.0 = Debug|Any CPU
		{B3E8D0C8-BDE5-4E43-8192-B93C3F5C693C}.Release|Any CPU.ActiveCfg = Release|Any CPU
		{B3E8D0C8-BDE5-4E43-8192-B93C3F5C693C}.Release|Any CPU.Build.0 = Release|Any CPU
		{F0E17C66-797F-4FAE-83B0-D8E421CF9F23}.Debug|Any CPU.ActiveCfg = Debug|Any CPU
		{F0E17C66-797F-4FAE-83B0-D8E421CF9F23}.Debug|Any CPU.Build.0 = Debug|Any CPU
		{F0E17C66-797F-4FAE-83B0-D8E421CF9F23}.Release|Any CPU.ActiveCfg = Release|Any CPU
		{F0E17C66-797F-4FAE-83B0-D8E421CF9F23}.Release|Any CPU.Build.0 = Release|Any CPU
		{852E5930-A439-416E-84F7-7871962D808D}.Debug|Any CPU.ActiveCfg = Debug|Any CPU
		{852E5930-A439-416E-84F7-7871962D808D}.Debug|Any CPU.Build.0 = Debug|Any CPU
		{852E5930-A439-416E-84F7-7871962D808D}.Release|Any CPU.ActiveCfg = Release|Any CPU
		{852E5930-A439-416E-84F7-7871962D808D}.Release|Any CPU.Build.0 = Release|Any CPU
		{34E91FA5-C05B-43CE-8506-299B041303B3}.Debug|Any CPU.ActiveCfg = Debug|Any CPU
		{34E91FA5-C05B-43CE-8506-299B041303B3}.Debug|Any CPU.Build.0 = Debug|Any CPU
		{34E91FA5-C05B-43CE-8506-299B041303B3}.Release|Any CPU.ActiveCfg = Release|Any CPU
		{34E91FA5-C05B-43CE-8506-299B041303B3}.Release|Any CPU.Build.0 = Release|Any CPU
		{819635DD-07DC-4358-A052-7366A59F8781}.Debug|Any CPU.ActiveCfg = Debug|Any CPU
		{819635DD-07DC-4358-A052-7366A59F8781}.Debug|Any CPU.Build.0 = Debug|Any CPU
		{819635DD-07DC-4358-A052-7366A59F8781}.Release|Any CPU.ActiveCfg = Release|Any CPU
		{819635DD-07DC-4358-A052-7366A59F8781}.Release|Any CPU.Build.0 = Release|Any CPU
	EndGlobalSection
	GlobalSection(SolutionProperties) = preSolution
		HideSolutionNode = FALSE
	EndGlobalSection
	GlobalSection(ExtensibilityGlobals) = postSolution
		SolutionGuid = {27FD4A87-CD09-4915-99AE-307D2BEFB3B0}
	EndGlobalSection
EndGlobal
